PODS:
  - Nimble (8.0.9)
  - Quick (2.2.1)
  - SBLibrary (0.1.0)

DEPENDENCIES:
  - Nimble (~> 8.0.7)
  - Quick (~> 2.2.0)
  - SBLibrary (from `../`)

SPEC REPOS:
  trunk:
    - Nimble
    - Quick

EXTERNAL SOURCES:
  SBLibrary:
    :path: "../"

SPEC CHECKSUMS:
  Nimble: 98b888285a615fd34f20e61753cf58ea1402bde4
  Quick: f5754d69b7013f5864c29aab9ae6f0c79c5bc200
  SBLibrary: cecf19c700358811f43c61073e0177fdc8a0ae88

PODFILE CHECKSUM: c52af6459e0cd18b84a42980f917a2dd207f2426

COCOAPODS: 1.10.0
